// !$*UTF8*$!
{
	archiveVersion = 1;
	classes = {
	};
	objectVersion = 46;
	objects = {

/* Begin PBXAggregateTarget section */
		"swiftdraganddrop::SwiftDragAndDropPackageTests::ProductTarget" /* SwiftDragAndDropPackageTests */ = {
			isa = PBXAggregateTarget;
			buildConfigurationList = OBJ_36 /* Build configuration list for PBXAggregateTarget "SwiftDragAndDropPackageTests" */;
			buildPhases = (
			);
			dependencies = (
				OBJ_39 /* PBXTargetDependency */,
			);
			name = SwiftDragAndDropPackageTests;
			productName = SwiftDragAndDropPackageTests;
		};
/* End PBXAggregateTarget section */

/* Begin PBXBuildFile section */
		OBJ_27 /* SwiftDragAndDrop.swift in Sources */ = {isa = PBXBuildFile; fileRef = OBJ_9 /* SwiftDragAndDrop.swift */; };
		OBJ_34 /* Package.swift in Sources */ = {isa = PBXBuildFile; fileRef = OBJ_6 /* Package.swift */; };
		OBJ_45 /* SwiftDragAndDropTests.swift in Sources */ = {isa = PBXBuildFile; fileRef = OBJ_12 /* SwiftDragAndDropTests.swift */; };
/* End PBXBuildFile section */

/* Begin PBXContainerItemProxy section */
		9621B81E2872EA2900C73816 /* PBXContainerItemProxy */ = {
			isa = PBXContainerItemProxy;
			containerPortal = OBJ_1 /* Project object */;
			proxyType = 1;
			remoteGlobalIDString = "swiftdraganddrop::SwiftDragAndDrop";
			remoteInfo = SwiftDragAndDrop;
		};
		9621B81F2872EA2900C73816 /* PBXContainerItemProxy */ = {
			isa = PBXContainerItemProxy;
			containerPortal = OBJ_1 /* Project object */;
			proxyType = 1;
			remoteGlobalIDString = "swiftdraganddrop::SwiftDragAndDropTests";
			remoteInfo = SwiftDragAndDropTests;
		};
/* End PBXContainerItemProxy section */

/* Begin PBXFileReference section */
		9621B8222872EA5B00C73816 /* DragAndDropTableView+Draggable.swift */ = {isa = PBXFileReference; lastKnownFileType = sourcecode.swift; path = "DragAndDropTableView+Draggable.swift"; sourceTree = "<group>"; };
		9621B8232872EA5B00C73816 /* DragAndDropTableView.swift */ = {isa = PBXFileReference; lastKnownFileType = sourcecode.swift; path = DragAndDropTableView.swift; sourceTree = "<group>"; };
		9621B8242872EA5B00C73816 /* DragAndDropTableView+AutoScroll.swift */ = {isa = PBXFileReference; lastKnownFileType = sourcecode.swift; path = "DragAndDropTableView+AutoScroll.swift"; sourceTree = "<group>"; };
		9621B8252872EA5B00C73816 /* DragAndDropTableView+Droppable.swift */ = {isa = PBXFileReference; lastKnownFileType = sourcecode.swift; path = "DragAndDropTableView+Droppable.swift"; sourceTree = "<group>"; };
		9621B8272872EA5B00C73816 /* DragAndDropCollectionViewCell.swift */ = {isa = PBXFileReference; lastKnownFileType = sourcecode.swift; path = DragAndDropCollectionViewCell.swift; sourceTree = "<group>"; };
		9621B8282872EA5B00C73816 /* DragAndDropPagingCollectionView.swift */ = {isa = PBXFileReference; lastKnownFileType = sourcecode.swift; path = DragAndDropPagingCollectionView.swift; sourceTree = "<group>"; };
		9621B82A2872EA5B00C73816 /* DragAndDropPagingScrollView.swift */ = {isa = PBXFileReference; lastKnownFileType = sourcecode.swift; path = DragAndDropPagingScrollView.swift; sourceTree = "<group>"; };
		9621B82B2872EA5B00C73816 /* DragAndDropPagingScrollView+DragAndDrop.swift */ = {isa = PBXFileReference; lastKnownFileType = sourcecode.swift; path = "DragAndDropPagingScrollView+DragAndDrop.swift"; sourceTree = "<group>"; };
		9621B82D2872EA5B00C73816 /* DragAndDropManager+AutoScroll.swift */ = {isa = PBXFileReference; lastKnownFileType = sourcecode.swift; path = "DragAndDropManager+AutoScroll.swift"; sourceTree = "<group>"; };
		9621B82E2872EA5B00C73816 /* DragAndDropManager+GestureRecognizer.swift */ = {isa = PBXFileReference; lastKnownFileType = sourcecode.swift; path = "DragAndDropManager+GestureRecognizer.swift"; sourceTree = "<group>"; };
		9621B82F2872EA5B00C73816 /* DragAndDropManager+Destination.swift */ = {isa = PBXFileReference; lastKnownFileType = sourcecode.swift; path = "DragAndDropManager+Destination.swift"; sourceTree = "<group>"; };
		9621B8302872EA5B00C73816 /* DragAndDropManager.swift */ = {isa = PBXFileReference; lastKnownFileType = sourcecode.swift; path = DragAndDropManager.swift; sourceTree = "<group>"; };
		9621B8312872EA5B00C73816 /* DragAndDropManager+SnapshotView.swift */ = {isa = PBXFileReference; lastKnownFileType = sourcecode.swift; path = "DragAndDropManager+SnapshotView.swift"; sourceTree = "<group>"; };
		9621B8322872EA5B00C73816 /* DraggableItemViewDelegate.swift */ = {isa = PBXFileReference; lastKnownFileType = sourcecode.swift; path = DraggableItemViewDelegate.swift; sourceTree = "<group>"; };
		9621B8332872EA5B00C73816 /* CGRect+Extensions.swift */ = {isa = PBXFileReference; lastKnownFileType = sourcecode.swift; path = "CGRect+Extensions.swift"; sourceTree = "<group>"; };
		9621B8342872EA5B00C73816 /* AutoScroll+Constant.swift */ = {isa = PBXFileReference; lastKnownFileType = sourcecode.swift; path = "AutoScroll+Constant.swift"; sourceTree = "<group>"; };
		OBJ_12 /* SwiftDragAndDropTests.swift */ = {isa = PBXFileReference; lastKnownFileType = sourcecode.swift; path = SwiftDragAndDropTests.swift; sourceTree = "<group>"; };
		OBJ_16 /* Example */ = {isa = PBXFileReference; lastKnownFileType = folder; path = Example; sourceTree = SOURCE_ROOT; };
		OBJ_17 /* Resources */ = {isa = PBXFileReference; lastKnownFileType = folder; path = Resources; sourceTree = SOURCE_ROOT; };
		OBJ_18 /* SwiftDragAndDrop */ = {isa = PBXFileReference; lastKnownFileType = folder; path = SwiftDragAndDrop; sourceTree = SOURCE_ROOT; };
		OBJ_19 /* LICENSE */ = {isa = PBXFileReference; lastKnownFileType = text; path = LICENSE; sourceTree = "<group>"; };
		OBJ_20 /* SwiftDragAndDrop.podspec */ = {isa = PBXFileReference; lastKnownFileType = text; path = SwiftDragAndDrop.podspec; sourceTree = "<group>"; };
		OBJ_21 /* README.md */ = {isa = PBXFileReference; lastKnownFileType = net.daringfireball.markdown; path = README.md; sourceTree = "<group>"; };
		OBJ_6 /* Package.swift */ = {isa = PBXFileReference; explicitFileType = sourcecode.swift; path = Package.swift; sourceTree = "<group>"; };
		OBJ_9 /* SwiftDragAndDrop.swift */ = {isa = PBXFileReference; lastKnownFileType = sourcecode.swift; path = SwiftDragAndDrop.swift; sourceTree = "<group>"; };
		"swiftdraganddrop::SwiftDragAndDrop::Product" /* SwiftDragAndDrop.framework */ = {isa = PBXFileReference; lastKnownFileType = wrapper.framework; name = SwiftDragAndDrop.framework; path = "/Users/panhauy/Desktop/Personal/My-Distribution/SwiftDragAndDrop/build/Debug/SwiftDragAndDrop.framework"; sourceTree = "<absolute>"; };
		"swiftdraganddrop::SwiftDragAndDropTests::Product" /* SwiftDragAndDropTests.xctest */ = {isa = PBXFileReference; lastKnownFileType = file; name = SwiftDragAndDropTests.xctest; path = "/Users/panhauy/Desktop/Personal/My-Distribution/SwiftDragAndDrop/build/Debug/SwiftDragAndDropTests.xctest"; sourceTree = "<absolute>"; };
/* End PBXFileReference section */

/* Begin PBXFrameworksBuildPhase section */
		OBJ_28 /* Frameworks */ = {
			isa = PBXFrameworksBuildPhase;
			buildActionMask = 0;
			files = (
			);
			runOnlyForDeploymentPostprocessing = 0;
		};
		OBJ_46 /* Frameworks */ = {
			isa = PBXFrameworksBuildPhase;
			buildActionMask = 0;
			files = (
			);
			runOnlyForDeploymentPostprocessing = 0;
		};
/* End PBXFrameworksBuildPhase section */

/* Begin PBXGroup section */
		9621B8202872EA5B00C73816 /* SwiftDragAndDropPackages */ = {
			isa = PBXGroup;
			children = (
				9621B8212872EA5B00C73816 /* DragAndDropTableView */,
				9621B8262872EA5B00C73816 /* DragAndDropPagingCollectionView */,
				9621B8292872EA5B00C73816 /* DragAndDropPagingScrollView */,
				9621B82C2872EA5B00C73816 /* Manager */,
				9621B8322872EA5B00C73816 /* DraggableItemViewDelegate.swift */,
				9621B8332872EA5B00C73816 /* CGRect+Extensions.swift */,
				9621B8342872EA5B00C73816 /* AutoScroll+Constant.swift */,
			);
			name = SwiftDragAndDropPackages;
			path = Sources/SwiftDragAndDropPackages;
			sourceTree = "<group>";
		};
		9621B8212872EA5B00C73816 /* DragAndDropTableView */ = {
			isa = PBXGroup;
			children = (
				9621B8222872EA5B00C73816 /* DragAndDropTableView+Draggable.swift */,
				9621B8232872EA5B00C73816 /* DragAndDropTableView.swift */,
				9621B8242872EA5B00C73816 /* DragAndDropTableView+AutoScroll.swift */,
				9621B8252872EA5B00C73816 /* DragAndDropTableView+Droppable.swift */,
			);
			path = DragAndDropTableView;
			sourceTree = "<group>";
		};
		9621B8262872EA5B00C73816 /* DragAndDropPagingCollectionView */ = {
			isa = PBXGroup;
			children = (
				9621B8272872EA5B00C73816 /* DragAndDropCollectionViewCell.swift */,
				9621B8282872EA5B00C73816 /* DragAndDropPagingCollectionView.swift */,
			);
			path = DragAndDropPagingCollectionView;
			sourceTree = "<group>";
		};
		9621B8292872EA5B00C73816 /* DragAndDropPagingScrollView */ = {
			isa = PBXGroup;
			children = (
				9621B82A2872EA5B00C73816 /* DragAndDropPagingScrollView.swift */,
				9621B82B2872EA5B00C73816 /* DragAndDropPagingScrollView+DragAndDrop.swift */,
			);
			path = DragAndDropPagingScrollView;
			sourceTree = "<group>";
		};
		9621B82C2872EA5B00C73816 /* Manager */ = {
			isa = PBXGroup;
			children = (
				9621B82D2872EA5B00C73816 /* DragAndDropManager+AutoScroll.swift */,
				9621B82E2872EA5B00C73816 /* DragAndDropManager+GestureRecognizer.swift */,
				9621B82F2872EA5B00C73816 /* DragAndDropManager+Destination.swift */,
				9621B8302872EA5B00C73816 /* DragAndDropManager.swift */,
				9621B8312872EA5B00C73816 /* DragAndDropManager+SnapshotView.swift */,
			);
			path = Manager;
			sourceTree = "<group>";
		};
		OBJ_10 /* Tests */ = {
			isa = PBXGroup;
			children = (
				OBJ_11 /* SwiftDragAndDropTests */,
			);
			name = Tests;
			sourceTree = SOURCE_ROOT;
		};
		OBJ_11 /* SwiftDragAndDropTests */ = {
			isa = PBXGroup;
			children = (
				OBJ_12 /* SwiftDragAndDropTests.swift */,
			);
			name = SwiftDragAndDropTests;
			path = Tests/SwiftDragAndDropTests;
			sourceTree = SOURCE_ROOT;
		};
		OBJ_5 = {
			isa = PBXGroup;
			children = (
				OBJ_16 /* Example */,
				OBJ_19 /* LICENSE */,
				OBJ_17 /* Resources */,
				OBJ_18 /* SwiftDragAndDrop */,
				OBJ_21 /* README.md */,
				OBJ_20 /* SwiftDragAndDrop.podspec */,
				OBJ_6 /* Package.swift */,
				OBJ_7 /* Sources */,
				OBJ_10 /* Tests */,
			);
			sourceTree = "<group>";
		};
		OBJ_7 /* Sources */ = {
			isa = PBXGroup;
			children = (
				OBJ_8 /* SwiftDragAndDrop */,
				9621B8202872EA5B00C73816 /* SwiftDragAndDropPackages */,
			);
			name = Sources;
			sourceTree = SOURCE_ROOT;
		};
		OBJ_8 /* SwiftDragAndDrop */ = {
			isa = PBXGroup;
			children = (
				OBJ_9 /* SwiftDragAndDrop.swift */,
			);
			name = SwiftDragAndDrop;
			path = Sources/SwiftDragAndDrop;
			sourceTree = SOURCE_ROOT;
		};
/* End PBXGroup section */

/* Begin PBXNativeTarget section */
		"swiftdraganddrop::SwiftDragAndDrop" /* SwiftDragAndDrop */ = {
			isa = PBXNativeTarget;
			buildConfigurationList = OBJ_23 /* Build configuration list for PBXNativeTarget "SwiftDragAndDrop" */;
			buildPhases = (
				OBJ_26 /* Sources */,
				OBJ_28 /* Frameworks */,
			);
			buildRules = (
			);
			dependencies = (
			);
			name = SwiftDragAndDrop;
			productName = SwiftDragAndDrop;
			productReference = "swiftdraganddrop::SwiftDragAndDrop::Product" /* SwiftDragAndDrop.framework */;
			productType = "com.apple.product-type.framework";
		};
		"swiftdraganddrop::SwiftDragAndDropTests" /* SwiftDragAndDropTests */ = {
			isa = PBXNativeTarget;
			buildConfigurationList = OBJ_41 /* Build configuration list for PBXNativeTarget "SwiftDragAndDropTests" */;
			buildPhases = (
				OBJ_44 /* Sources */,
				OBJ_46 /* Frameworks */,
			);
			buildRules = (
			);
			dependencies = (
				OBJ_48 /* PBXTargetDependency */,
			);
			name = SwiftDragAndDropTests;
			productName = SwiftDragAndDropTests;
			productReference = "swiftdraganddrop::SwiftDragAndDropTests::Product" /* SwiftDragAndDropTests.xctest */;
			productType = "com.apple.product-type.bundle.unit-test";
		};
		"swiftdraganddrop::SwiftPMPackageDescription" /* SwiftDragAndDropPackageDescription */ = {
			isa = PBXNativeTarget;
			buildConfigurationList = OBJ_30 /* Build configuration list for PBXNativeTarget "SwiftDragAndDropPackageDescription" */;
			buildPhases = (
				OBJ_33 /* Sources */,
			);
			buildRules = (
			);
			dependencies = (
			);
			name = SwiftDragAndDropPackageDescription;
			productName = SwiftDragAndDropPackageDescription;
			productType = "com.apple.product-type.framework";
		};
/* End PBXNativeTarget section */

/* Begin PBXProject section */
		OBJ_1 /* Project object */ = {
			isa = PBXProject;
			attributes = {
				LastSwiftMigration = 9999;
				LastUpgradeCheck = 9999;
			};
			buildConfigurationList = OBJ_2 /* Build configuration list for PBXProject "SwiftDragAndDrop" */;
			compatibilityVersion = "Xcode 3.2";
			developmentRegion = en;
			hasScannedForEncodings = 0;
			knownRegions = (
				en,
			);
			mainGroup = OBJ_5;
			productRefGroup = OBJ_5;
			projectDirPath = "";
			projectRoot = "";
			targets = (
				"swiftdraganddrop::SwiftDragAndDrop" /* SwiftDragAndDrop */,
				"swiftdraganddrop::SwiftPMPackageDescription" /* SwiftDragAndDropPackageDescription */,
				"swiftdraganddrop::SwiftDragAndDropPackageTests::ProductTarget" /* SwiftDragAndDropPackageTests */,
				"swiftdraganddrop::SwiftDragAndDropTests" /* SwiftDragAndDropTests */,
			);
		};
/* End PBXProject section */

/* Begin PBXSourcesBuildPhase section */
		OBJ_26 /* Sources */ = {
			isa = PBXSourcesBuildPhase;
			buildActionMask = 0;
			files = (
				OBJ_27 /* SwiftDragAndDrop.swift in Sources */,
			);
			runOnlyForDeploymentPostprocessing = 0;
		};
		OBJ_33 /* Sources */ = {
			isa = PBXSourcesBuildPhase;
			buildActionMask = 0;
			files = (
				OBJ_34 /* Package.swift in Sources */,
			);
			runOnlyForDeploymentPostprocessing = 0;
		};
		OBJ_44 /* Sources */ = {
			isa = PBXSourcesBuildPhase;
			buildActionMask = 0;
			files = (
				OBJ_45 /* SwiftDragAndDropTests.swift in Sources */,
			);
			runOnlyForDeploymentPostprocessing = 0;
		};
/* End PBXSourcesBuildPhase section */

/* Begin PBXTargetDependency section */
		OBJ_39 /* PBXTargetDependency */ = {
			isa = PBXTargetDependency;
			target = "swiftdraganddrop::SwiftDragAndDropTests" /* SwiftDragAndDropTests */;
			targetProxy = 9621B81F2872EA2900C73816 /* PBXContainerItemProxy */;
		};
		OBJ_48 /* PBXTargetDependency */ = {
			isa = PBXTargetDependency;
			target = "swiftdraganddrop::SwiftDragAndDrop" /* SwiftDragAndDrop */;
			targetProxy = 9621B81E2872EA2900C73816 /* PBXContainerItemProxy */;
		};
/* End PBXTargetDependency section */

/* Begin XCBuildConfiguration section */
		OBJ_24 /* Debug */ = {
			isa = XCBuildConfiguration;
			buildSettings = {
				CURRENT_PROJECT_VERSION = 1;
				DRIVERKIT_DEPLOYMENT_TARGET = 19.0;
				ENABLE_TESTABILITY = YES;
				FRAMEWORK_SEARCH_PATHS = (
					"$(inherited)",
					"$(PLATFORM_DIR)/Developer/Library/Frameworks",
				);
				HEADER_SEARCH_PATHS = "$(inherited)";
				INFOPLIST_FILE = SwiftDragAndDrop.xcodeproj/SwiftDragAndDrop_Info.plist;
				IPHONEOS_DEPLOYMENT_TARGET = 9.0;
				LD_RUNPATH_SEARCH_PATHS = "$(inherited) $(TOOLCHAIN_DIR)/usr/lib/swift/macosx";
				MACOSX_DEPLOYMENT_TARGET = 10.10;
				OTHER_CFLAGS = "$(inherited)";
				OTHER_LDFLAGS = "$(inherited)";
				OTHER_SWIFT_FLAGS = "$(inherited)";
				PRODUCT_BUNDLE_IDENTIFIER = SwiftDragAndDrop;
				PRODUCT_MODULE_NAME = "$(TARGET_NAME:c99extidentifier)";
				PRODUCT_NAME = "$(TARGET_NAME:c99extidentifier)";
				SKIP_INSTALL = YES;
				SWIFT_ACTIVE_COMPILATION_CONDITIONS = "$(inherited)";
				SWIFT_VERSION = 5.0;
				TARGET_NAME = SwiftDragAndDrop;
				TVOS_DEPLOYMENT_TARGET = 9.0;
				WATCHOS_DEPLOYMENT_TARGET = 2.0;
			};
			name = Debug;
		};
		OBJ_25 /* Release */ = {
			isa = XCBuildConfiguration;
			buildSettings = {
				CURRENT_PROJECT_VERSION = 1;
				DRIVERKIT_DEPLOYMENT_TARGET = 19.0;
				ENABLE_TESTABILITY = YES;
				FRAMEWORK_SEARCH_PATHS = (
					"$(inherited)",
					"$(PLATFORM_DIR)/Developer/Library/Frameworks",
				);
				HEADER_SEARCH_PATHS = "$(inherited)";
				INFOPLIST_FILE = SwiftDragAndDrop.xcodeproj/SwiftDragAndDrop_Info.plist;
				IPHONEOS_DEPLOYMENT_TARGET = 9.0;
				LD_RUNPATH_SEARCH_PATHS = "$(inherited) $(TOOLCHAIN_DIR)/usr/lib/swift/macosx";
				MACOSX_DEPLOYMENT_TARGET = 10.10;
				OTHER_CFLAGS = "$(inherited)";
				OTHER_LDFLAGS = "$(inherited)";
				OTHER_SWIFT_FLAGS = "$(inherited)";
				PRODUCT_BUNDLE_IDENTIFIER = SwiftDragAndDrop;
				PRODUCT_MODULE_NAME = "$(TARGET_NAME:c99extidentifier)";
				PRODUCT_NAME = "$(TARGET_NAME:c99extidentifier)";
				SKIP_INSTALL = YES;
				SWIFT_ACTIVE_COMPILATION_CONDITIONS = "$(inherited)";
				SWIFT_VERSION = 5.0;
				TARGET_NAME = SwiftDragAndDrop;
				TVOS_DEPLOYMENT_TARGET = 9.0;
				WATCHOS_DEPLOYMENT_TARGET = 2.0;
			};
			name = Release;
		};
		OBJ_3 /* Debug */ = {
			isa = XCBuildConfiguration;
			buildSettings = {
				CLANG_ENABLE_OBJC_ARC = YES;
				COMBINE_HIDPI_IMAGES = YES;
				COPY_PHASE_STRIP = NO;
				DEBUG_INFORMATION_FORMAT = dwarf;
				DYLIB_INSTALL_NAME_BASE = "@rpath";
				ENABLE_NS_ASSERTIONS = YES;
				GCC_OPTIMIZATION_LEVEL = 0;
				GCC_PREPROCESSOR_DEFINITIONS = (
					"$(inherited)",
					"SWIFT_PACKAGE=1",
					"DEBUG=1",
				);
				MACOSX_DEPLOYMENT_TARGET = 10.10;
				ONLY_ACTIVE_ARCH = YES;
				OTHER_SWIFT_FLAGS = "$(inherited) -DXcode";
				PRODUCT_NAME = "$(TARGET_NAME)";
				SDKROOT = macosx;
				SUPPORTED_PLATFORMS = "$(AVAILABLE_PLATFORMS)";
				SUPPORTS_MACCATALYST = YES;
				SWIFT_ACTIVE_COMPILATION_CONDITIONS = "$(inherited) SWIFT_PACKAGE DEBUG";
				SWIFT_OPTIMIZATION_LEVEL = "-Onone";
				USE_HEADERMAP = NO;
			};
			name = Debug;
		};
		OBJ_31 /* Debug */ = {
			isa = XCBuildConfiguration;
			buildSettings = {
				LD = /usr/bin/true;
				OTHER_SWIFT_FLAGS = "-swift-version 5 -I $(TOOLCHAIN_DIR)/usr/lib/swift/pm/ManifestAPI -sdk /Applications/Xcode.app/Contents/Developer/Platforms/MacOSX.platform/Developer/SDKs/MacOSX12.3.sdk -package-description-version 5.6.0";
				SWIFT_VERSION = 5.0;
			};
			name = Debug;
		};
		OBJ_32 /* Release */ = {
			isa = XCBuildConfiguration;
			buildSettings = {
				LD = /usr/bin/true;
				OTHER_SWIFT_FLAGS = "-swift-version 5 -I $(TOOLCHAIN_DIR)/usr/lib/swift/pm/ManifestAPI -sdk /Applications/Xcode.app/Contents/Developer/Platforms/MacOSX.platform/Developer/SDKs/MacOSX12.3.sdk -package-description-version 5.6.0";
				SWIFT_VERSION = 5.0;
			};
			name = Release;
		};
		OBJ_37 /* Debug */ = {
			isa = XCBuildConfiguration;
			buildSettings = {
			};
			name = Debug;
		};
		OBJ_38 /* Release */ = {
			isa = XCBuildConfiguration;
			buildSettings = {
			};
			name = Release;
		};
		OBJ_4 /* Release */ = {
			isa = XCBuildConfiguration;
			buildSettings = {
				CLANG_ENABLE_OBJC_ARC = YES;
				COMBINE_HIDPI_IMAGES = YES;
				COPY_PHASE_STRIP = YES;
				DEBUG_INFORMATION_FORMAT = "dwarf-with-dsym";
				DYLIB_INSTALL_NAME_BASE = "@rpath";
				GCC_OPTIMIZATION_LEVEL = s;
				GCC_PREPROCESSOR_DEFINITIONS = (
					"$(inherited)",
					"SWIFT_PACKAGE=1",
				);
				MACOSX_DEPLOYMENT_TARGET = 10.10;
				OTHER_SWIFT_FLAGS = "$(inherited) -DXcode";
				PRODUCT_NAME = "$(TARGET_NAME)";
				SDKROOT = macosx;
				SUPPORTED_PLATFORMS = "$(AVAILABLE_PLATFORMS)";
				SUPPORTS_MACCATALYST = YES;
				SWIFT_ACTIVE_COMPILATION_CONDITIONS = "$(inherited) SWIFT_PACKAGE";
				SWIFT_OPTIMIZATION_LEVEL = "-Owholemodule";
				USE_HEADERMAP = NO;
			};
			name = Release;
		};
		OBJ_42 /* Debug */ = {
			isa = XCBuildConfiguration;
			buildSettings = {
				CLANG_ENABLE_MODULES = YES;
				CURRENT_PROJECT_VERSION = 1;
				DRIVERKIT_DEPLOYMENT_TARGET = 19.0;
				EMBEDDED_CONTENT_CONTAINS_SWIFT = YES;
				FRAMEWORK_SEARCH_PATHS = (
					"$(inherited)",
					"$(PLATFORM_DIR)/Developer/Library/Frameworks",
				);
				HEADER_SEARCH_PATHS = "$(inherited)";
				INFOPLIST_FILE = SwiftDragAndDrop.xcodeproj/SwiftDragAndDropTests_Info.plist;
				IPHONEOS_DEPLOYMENT_TARGET = 14.0;
				LD_RUNPATH_SEARCH_PATHS = "$(inherited) @loader_path/../Frameworks @loader_path/Frameworks";
				MACOSX_DEPLOYMENT_TARGET = 11.0;
				OTHER_CFLAGS = "$(inherited)";
				OTHER_LDFLAGS = "$(inherited)";
				OTHER_SWIFT_FLAGS = "$(inherited)";
				SWIFT_ACTIVE_COMPILATION_CONDITIONS = "$(inherited)";
				SWIFT_VERSION = 5.0;
				TARGET_NAME = SwiftDragAndDropTests;
				TVOS_DEPLOYMENT_TARGET = 14.0;
				WATCHOS_DEPLOYMENT_TARGET = 7.0;
			};
			name = Debug;
		};
		OBJ_43 /* Release */ = {
			isa = XCBuildConfiguration;
			buildSettings = {
				CLANG_ENABLE_MODULES = YES;
				CURRENT_PROJECT_VERSION = 1;
				DRIVERKIT_DEPLOYMENT_TARGET = 19.0;
				EMBEDDED_CONTENT_CONTAINS_SWIFT = YES;
				FRAMEWORK_SEARCH_PATHS = (
					"$(inherited)",
					"$(PLATFORM_DIR)/Developer/Library/Frameworks",
				);
				HEADER_SEARCH_PATHS = "$(inherited)";
				INFOPLIST_FILE = SwiftDragAndDrop.xcodeproj/SwiftDragAndDropTests_Info.plist;
				IPHONEOS_DEPLOYMENT_TARGET = 14.0;
				LD_RUNPATH_SEARCH_PATHS = "$(inherited) @loader_path/../Frameworks @loader_path/Frameworks";
				MACOSX_DEPLOYMENT_TARGET = 11.0;
				OTHER_CFLAGS = "$(inherited)";
				OTHER_LDFLAGS = "$(inherited)";
				OTHER_SWIFT_FLAGS = "$(inherited)";
				SWIFT_ACTIVE_COMPILATION_CONDITIONS = "$(inherited)";
				SWIFT_VERSION = 5.0;
				TARGET_NAME = SwiftDragAndDropTests;
				TVOS_DEPLOYMENT_TARGET = 14.0;
				WATCHOS_DEPLOYMENT_TARGET = 7.0;
			};
			name = Release;
		};
/* End XCBuildConfiguration section */

/* Begin XCConfigurationList section */
		OBJ_2 /* Build configuration list for PBXProject "SwiftDragAndDrop" */ = {
			isa = XCConfigurationList;
			buildConfigurations = (
				OBJ_3 /* Debug */,
				OBJ_4 /* Release */,
			);
			defaultConfigurationIsVisible = 0;
			defaultConfigurationName = Release;
		};
		OBJ_23 /* Build configuration list for PBXNativeTarget "SwiftDragAndDrop" */ = {
			isa = XCConfigurationList;
			buildConfigurations = (
				OBJ_24 /* Debug */,
				OBJ_25 /* Release */,
			);
			defaultConfigurationIsVisible = 0;
			defaultConfigurationName = Release;
		};
		OBJ_30 /* Build configuration list for PBXNativeTarget "SwiftDragAndDropPackageDescription" */ = {
			isa = XCConfigurationList;
			buildConfigurations = (
				OBJ_31 /* Debug */,
				OBJ_32 /* Release */,
			);
			defaultConfigurationIsVisible = 0;
			defaultConfigurationName = Release;
		};
		OBJ_36 /* Build configuration list for PBXAggregateTarget "SwiftDragAndDropPackageTests" */ = {
			isa = XCConfigurationList;
			buildConfigurations = (
				OBJ_37 /* Debug */,
				OBJ_38 /* Release */,
			);
			defaultConfigurationIsVisible = 0;
			defaultConfigurationName = Release;
		};
		OBJ_41 /* Build configuration list for PBXNativeTarget "SwiftDragAndDropTests" */ = {
			isa = XCConfigurationList;
			buildConfigurations = (
				OBJ_42 /* Debug */,
				OBJ_43 /* Release */,
			);
			defaultConfigurationIsVisible = 0;
			defaultConfigurationName = Release;
		};
/* End XCConfigurationList section */
	};
	rootObject = OBJ_1 /* Project object */;
}
