// !$*UTF8*$!
{
	archiveVersion = 1;
	classes = {
	};
	objectVersion = 50;
	objects = {

/* Begin PBXBuildFile section */
		DC15A95C2191487C002F919E /* AppDelegate.swift in Sources */ = {isa = PBXBuildFile; fileRef = DC15A95B2191487C002F919E /* AppDelegate.swift */; };
		DC15A95E2191487C002F919E /* CollectionViewController.swift in Sources */ = {isa = PBXBuildFile; fileRef = DC15A95D2191487C002F919E /* CollectionViewController.swift */; };
		DC15A9612191487C002F919E /* Main.storyboard in Resources */ = {isa = PBXBuildFile; fileRef = DC15A95F2191487C002F919E /* Main.storyboard */; };
		DC15A9632191487E002F919E /* Assets.xcassets in Resources */ = {isa = PBXBuildFile; fileRef = DC15A9622191487E002F919E /* Assets.xcassets */; };
		DC15A9662191487E002F919E /* LaunchScreen.storyboard in Resources */ = {isa = PBXBuildFile; fileRef = DC15A9642191487E002F919E /* LaunchScreen.storyboard */; };
		DC15A9712191487E002F919E /* SwiftDragAndDropTests.swift in Sources */ = {isa = PBXBuildFile; fileRef = DC15A9702191487E002F919E /* SwiftDragAndDropTests.swift */; };
		DC15A97F2191492C002F919E /* CGRect+Extensions.swift in Sources */ = {isa = PBXBuildFile; fileRef = DC15A97C2191492C002F919E /* CGRect+Extensions.swift */; };
		DC15A9802191492C002F919E /* DragAndDropTableView.swift in Sources */ = {isa = PBXBuildFile; fileRef = DC15A97D2191492C002F919E /* DragAndDropTableView.swift */; };
		DC15A9812191492C002F919E /* DragAndDropManager.swift in Sources */ = {isa = PBXBuildFile; fileRef = DC15A97E2191492C002F919E /* DragAndDropManager.swift */; };
		DC15A985219156C8002F919E /* DragAndDropManager+SnapshotView.swift in Sources */ = {isa = PBXBuildFile; fileRef = DC15A984219156C8002F919E /* DragAndDropManager+SnapshotView.swift */; };
		DC15A98921917063002F919E /* DragAndDropManager+AutoScroll.swift in Sources */ = {isa = PBXBuildFile; fileRef = DC15A98821917063002F919E /* DragAndDropManager+AutoScroll.swift */; };
		DC15A98D21917BC6002F919E /* DragAndDropManager+GestureRecognizer.swift in Sources */ = {isa = PBXBuildFile; fileRef = DC15A98C21917BC6002F919E /* DragAndDropManager+GestureRecognizer.swift */; };
		DC15A98F2191997C002F919E /* DragAndDropManager+Destination.swift in Sources */ = {isa = PBXBuildFile; fileRef = DC15A98E2191997C002F919E /* DragAndDropManager+Destination.swift */; };
		DC15A9932192C1CA002F919E /* DragAndDropTableView+Draggable.swift in Sources */ = {isa = PBXBuildFile; fileRef = DC15A9922192C1CA002F919E /* DragAndDropTableView+Draggable.swift */; };
		DC15A9952192C1FC002F919E /* DragAndDropTableView+Droppable.swift in Sources */ = {isa = PBXBuildFile; fileRef = DC15A9942192C1FC002F919E /* DragAndDropTableView+Droppable.swift */; };
		DC15A9972192C23E002F919E /* DragAndDropTableView+AutoScroll.swift in Sources */ = {isa = PBXBuildFile; fileRef = DC15A9962192C23E002F919E /* DragAndDropTableView+AutoScroll.swift */; };
		DCC9B991219A87D1005D4352 /* ScrollViewController.swift in Sources */ = {isa = PBXBuildFile; fileRef = DCC9B990219A87D1005D4352 /* ScrollViewController.swift */; };
		DCC9B994219ACB91005D4352 /* DragTableViewCell.swift in Sources */ = {isa = PBXBuildFile; fileRef = DCC9B992219ACB91005D4352 /* DragTableViewCell.swift */; };
		DCC9B995219ACB91005D4352 /* DragTableViewCell.xib in Resources */ = {isa = PBXBuildFile; fileRef = DCC9B993219ACB91005D4352 /* DragTableViewCell.xib */; };
		DCC9B998219AD8C3005D4352 /* Reusable+Extensions.swift in Sources */ = {isa = PBXBuildFile; fileRef = DCC9B997219AD8C3005D4352 /* Reusable+Extensions.swift */; };
		DCC9B99A219C08BC005D4352 /* AutoScroll+Constant.swift in Sources */ = {isa = PBXBuildFile; fileRef = DCC9B999219C08BC005D4352 /* AutoScroll+Constant.swift */; };
		DCC9B99D219D2771005D4352 /* RootViewController.swift in Sources */ = {isa = PBXBuildFile; fileRef = DCC9B99C219D2771005D4352 /* RootViewController.swift */; };
/* End PBXBuildFile section */

/* Begin PBXContainerItemProxy section */
		DC15A96D2191487E002F919E /* PBXContainerItemProxy */ = {
			isa = PBXContainerItemProxy;
			containerPortal = DC15A9502191487C002F919E /* Project object */;
			proxyType = 1;
			remoteGlobalIDString = DC15A9572191487C002F919E;
			remoteInfo = SwiftDragAndDrop;
		};
/* End PBXContainerItemProxy section */

/* Begin PBXFileReference section */
		DC15A9582191487C002F919E /* SwiftDragAndDrop.app */ = {isa = PBXFileReference; explicitFileType = wrapper.application; includeInIndex = 0; path = SwiftDragAndDrop.app; sourceTree = BUILT_PRODUCTS_DIR; };
		DC15A95B2191487C002F919E /* AppDelegate.swift */ = {isa = PBXFileReference; lastKnownFileType = sourcecode.swift; path = AppDelegate.swift; sourceTree = "<group>"; };
		DC15A95D2191487C002F919E /* CollectionViewController.swift */ = {isa = PBXFileReference; lastKnownFileType = sourcecode.swift; path = CollectionViewController.swift; sourceTree = "<group>"; };
		DC15A9602191487C002F919E /* Base */ = {isa = PBXFileReference; lastKnownFileType = file.storyboard; name = Base; path = Base.lproj/Main.storyboard; sourceTree = "<group>"; };
		DC15A9622191487E002F919E /* Assets.xcassets */ = {isa = PBXFileReference; lastKnownFileType = folder.assetcatalog; path = Assets.xcassets; sourceTree = "<group>"; };
		DC15A9652191487E002F919E /* Base */ = {isa = PBXFileReference; lastKnownFileType = file.storyboard; name = Base; path = Base.lproj/LaunchScreen.storyboard; sourceTree = "<group>"; };
		DC15A9672191487E002F919E /* Info.plist */ = {isa = PBXFileReference; lastKnownFileType = text.plist.xml; path = Info.plist; sourceTree = "<group>"; };
		DC15A96C2191487E002F919E /* SwiftDragAndDropTests.xctest */ = {isa = PBXFileReference; explicitFileType = wrapper.cfbundle; includeInIndex = 0; path = SwiftDragAndDropTests.xctest; sourceTree = BUILT_PRODUCTS_DIR; };
		DC15A9702191487E002F919E /* SwiftDragAndDropTests.swift */ = {isa = PBXFileReference; lastKnownFileType = sourcecode.swift; path = SwiftDragAndDropTests.swift; sourceTree = "<group>"; };
		DC15A9722191487E002F919E /* Info.plist */ = {isa = PBXFileReference; lastKnownFileType = text.plist.xml; path = Info.plist; sourceTree = "<group>"; };
		DC15A97C2191492C002F919E /* CGRect+Extensions.swift */ = {isa = PBXFileReference; fileEncoding = 4; lastKnownFileType = sourcecode.swift; path = "CGRect+Extensions.swift"; sourceTree = "<group>"; };
		DC15A97D2191492C002F919E /* DragAndDropTableView.swift */ = {isa = PBXFileReference; fileEncoding = 4; lastKnownFileType = sourcecode.swift; path = DragAndDropTableView.swift; sourceTree = "<group>"; };
		DC15A97E2191492C002F919E /* DragAndDropManager.swift */ = {isa = PBXFileReference; fileEncoding = 4; lastKnownFileType = sourcecode.swift; path = DragAndDropManager.swift; sourceTree = "<group>"; };
		DC15A984219156C8002F919E /* DragAndDropManager+SnapshotView.swift */ = {isa = PBXFileReference; lastKnownFileType = sourcecode.swift; path = "DragAndDropManager+SnapshotView.swift"; sourceTree = "<group>"; };
		DC15A98821917063002F919E /* DragAndDropManager+AutoScroll.swift */ = {isa = PBXFileReference; lastKnownFileType = sourcecode.swift; path = "DragAndDropManager+AutoScroll.swift"; sourceTree = "<group>"; };
		DC15A98C21917BC6002F919E /* DragAndDropManager+GestureRecognizer.swift */ = {isa = PBXFileReference; lastKnownFileType = sourcecode.swift; path = "DragAndDropManager+GestureRecognizer.swift"; sourceTree = "<group>"; };
		DC15A98E2191997C002F919E /* DragAndDropManager+Destination.swift */ = {isa = PBXFileReference; lastKnownFileType = sourcecode.swift; path = "DragAndDropManager+Destination.swift"; sourceTree = "<group>"; };
		DC15A9922192C1CA002F919E /* DragAndDropTableView+Draggable.swift */ = {isa = PBXFileReference; lastKnownFileType = sourcecode.swift; path = "DragAndDropTableView+Draggable.swift"; sourceTree = "<group>"; };
		DC15A9942192C1FC002F919E /* DragAndDropTableView+Droppable.swift */ = {isa = PBXFileReference; lastKnownFileType = sourcecode.swift; path = "DragAndDropTableView+Droppable.swift"; sourceTree = "<group>"; };
		DC15A9962192C23E002F919E /* DragAndDropTableView+AutoScroll.swift */ = {isa = PBXFileReference; lastKnownFileType = sourcecode.swift; path = "DragAndDropTableView+AutoScroll.swift"; sourceTree = "<group>"; };
		DCC9B990219A87D1005D4352 /* ScrollViewController.swift */ = {isa = PBXFileReference; lastKnownFileType = sourcecode.swift; path = ScrollViewController.swift; sourceTree = "<group>"; };
		DCC9B992219ACB91005D4352 /* DragTableViewCell.swift */ = {isa = PBXFileReference; lastKnownFileType = sourcecode.swift; path = DragTableViewCell.swift; sourceTree = "<group>"; };
		DCC9B993219ACB91005D4352 /* DragTableViewCell.xib */ = {isa = PBXFileReference; lastKnownFileType = file.xib; path = DragTableViewCell.xib; sourceTree = "<group>"; };
		DCC9B997219AD8C3005D4352 /* Reusable+Extensions.swift */ = {isa = PBXFileReference; lastKnownFileType = sourcecode.swift; path = "Reusable+Extensions.swift"; sourceTree = "<group>"; };
		DCC9B999219C08BC005D4352 /* AutoScroll+Constant.swift */ = {isa = PBXFileReference; lastKnownFileType = sourcecode.swift; path = "AutoScroll+Constant.swift"; sourceTree = "<group>"; };
		DCC9B99C219D2771005D4352 /* RootViewController.swift */ = {isa = PBXFileReference; lastKnownFileType = sourcecode.swift; path = RootViewController.swift; sourceTree = "<group>"; };
/* End PBXFileReference section */

/* Begin PBXFrameworksBuildPhase section */
		DC15A9552191487C002F919E /* Frameworks */ = {
			isa = PBXFrameworksBuildPhase;
			buildActionMask = 2147483647;
			files = (
			);
			runOnlyForDeploymentPostprocessing = 0;
		};
		DC15A9692191487E002F919E /* Frameworks */ = {
			isa = PBXFrameworksBuildPhase;
			buildActionMask = 2147483647;
			files = (
			);
			runOnlyForDeploymentPostprocessing = 0;
		};
/* End PBXFrameworksBuildPhase section */

/* Begin PBXGroup section */
		DC15A94F2191487C002F919E = {
			isa = PBXGroup;
			children = (
				DCC9B99B219D2539005D4352 /* Example */,
				DC15A97B2191490F002F919E /* Source */,
				DC15A95A2191487C002F919E /* SwiftDragAndDrop */,
				DC15A96F2191487E002F919E /* SwiftDragAndDropTests */,
				DC15A9592191487C002F919E /* Products */,
			);
			sourceTree = "<group>";
		};
		DC15A9592191487C002F919E /* Products */ = {
			isa = PBXGroup;
			children = (
				DC15A9582191487C002F919E /* SwiftDragAndDrop.app */,
				DC15A96C2191487E002F919E /* SwiftDragAndDropTests.xctest */,
			);
			name = Products;
			sourceTree = "<group>";
		};
		DC15A95A2191487C002F919E /* SwiftDragAndDrop */ = {
			isa = PBXGroup;
			children = (
				DC15A9672191487E002F919E /* Info.plist */,
			);
			path = SwiftDragAndDrop;
			sourceTree = "<group>";
		};
		DC15A96F2191487E002F919E /* SwiftDragAndDropTests */ = {
			isa = PBXGroup;
			children = (
				DC15A9702191487E002F919E /* SwiftDragAndDropTests.swift */,
				DC15A9722191487E002F919E /* Info.plist */,
			);
			path = SwiftDragAndDropTests;
			sourceTree = "<group>";
		};
		DC15A97B2191490F002F919E /* Source */ = {
			isa = PBXGroup;
			children = (
				DC15A9912192C1AC002F919E /* Manager */,
				DC15A9902192C19D002F919E /* DragAndDropTableView */,
				DC15A97C2191492C002F919E /* CGRect+Extensions.swift */,
				DCC9B999219C08BC005D4352 /* AutoScroll+Constant.swift */,
			);
			path = Source;
			sourceTree = "<group>";
		};
		DC15A9902192C19D002F919E /* DragAndDropTableView */ = {
			isa = PBXGroup;
			children = (
				DC15A97D2191492C002F919E /* DragAndDropTableView.swift */,
				DC15A9922192C1CA002F919E /* DragAndDropTableView+Draggable.swift */,
				DC15A9942192C1FC002F919E /* DragAndDropTableView+Droppable.swift */,
				DC15A9962192C23E002F919E /* DragAndDropTableView+AutoScroll.swift */,
			);
			path = DragAndDropTableView;
			sourceTree = "<group>";
		};
		DC15A9912192C1AC002F919E /* Manager */ = {
			isa = PBXGroup;
			children = (
				DC15A97E2191492C002F919E /* DragAndDropManager.swift */,
				DC15A98821917063002F919E /* DragAndDropManager+AutoScroll.swift */,
				DC15A98E2191997C002F919E /* DragAndDropManager+Destination.swift */,
				DC15A98C21917BC6002F919E /* DragAndDropManager+GestureRecognizer.swift */,
				DC15A984219156C8002F919E /* DragAndDropManager+SnapshotView.swift */,
			);
			path = Manager;
			sourceTree = "<group>";
		};
		DCC9B996219ACB97005D4352 /* DragTableViewCell */ = {
			isa = PBXGroup;
			children = (
				DCC9B992219ACB91005D4352 /* DragTableViewCell.swift */,
				DCC9B993219ACB91005D4352 /* DragTableViewCell.xib */,
			);
			path = DragTableViewCell;
			sourceTree = "<group>";
		};
		DCC9B99B219D2539005D4352 /* Example */ = {
			isa = PBXGroup;
			children = (
				DC15A95B2191487C002F919E /* AppDelegate.swift */,
				DCC9B990219A87D1005D4352 /* ScrollViewController.swift */,
				DCC9B997219AD8C3005D4352 /* Reusable+Extensions.swift */,
				DCC9B99C219D2771005D4352 /* RootViewController.swift */,
				DC15A95D2191487C002F919E /* CollectionViewController.swift */,
				DC15A9622191487E002F919E /* Assets.xcassets */,
				DCC9B996219ACB97005D4352 /* DragTableViewCell */,
				DC15A9642191487E002F919E /* LaunchScreen.storyboard */,
				DC15A95F2191487C002F919E /* Main.storyboard */,
			);
			path = Example;
			sourceTree = "<group>";
		};
/* End PBXGroup section */

/* Begin PBXNativeTarget section */
		DC15A9572191487C002F919E /* SwiftDragAndDrop */ = {
			isa = PBXNativeTarget;
			buildConfigurationList = DC15A9752191487E002F919E /* Build configuration list for PBXNativeTarget "SwiftDragAndDrop" */;
			buildPhases = (
				DC15A9542191487C002F919E /* Sources */,
				DC15A9552191487C002F919E /* Frameworks */,
				DC15A9562191487C002F919E /* Resources */,
			);
			buildRules = (
			);
			dependencies = (
			);
			name = SwiftDragAndDrop;
			productName = SwiftDragAndDrop;
			productReference = DC15A9582191487C002F919E /* SwiftDragAndDrop.app */;
			productType = "com.apple.product-type.application";
		};
		DC15A96B2191487E002F919E /* SwiftDragAndDropTests */ = {
			isa = PBXNativeTarget;
			buildConfigurationList = DC15A9782191487E002F919E /* Build configuration list for PBXNativeTarget "SwiftDragAndDropTests" */;
			buildPhases = (
				DC15A9682191487E002F919E /* Sources */,
				DC15A9692191487E002F919E /* Frameworks */,
				DC15A96A2191487E002F919E /* Resources */,
			);
			buildRules = (
			);
			dependencies = (
				DC15A96E2191487E002F919E /* PBXTargetDependency */,
			);
			name = SwiftDragAndDropTests;
			productName = SwiftDragAndDropTests;
			productReference = DC15A96C2191487E002F919E /* SwiftDragAndDropTests.xctest */;
			productType = "com.apple.product-type.bundle.unit-test";
		};
/* End PBXNativeTarget section */

/* Begin PBXProject section */
		DC15A9502191487C002F919E /* Project object */ = {
			isa = PBXProject;
			attributes = {
				LastSwiftUpdateCheck = 1010;
				LastUpgradeCheck = 1010;
				ORGANIZATIONNAME = "Phanha Uy";
				TargetAttributes = {
					DC15A9572191487C002F919E = {
						CreatedOnToolsVersion = 10.1;
					};
					DC15A96B2191487E002F919E = {
						CreatedOnToolsVersion = 10.1;
						TestTargetID = DC15A9572191487C002F919E;
					};
				};
			};
			buildConfigurationList = DC15A9532191487C002F919E /* Build configuration list for PBXProject "SwiftDragAndDrop" */;
			compatibilityVersion = "Xcode 9.3";
			developmentRegion = en;
			hasScannedForEncodings = 0;
			knownRegions = (
				en,
				Base,
			);
			mainGroup = DC15A94F2191487C002F919E;
			productRefGroup = DC15A9592191487C002F919E /* Products */;
			projectDirPath = "";
			projectRoot = "";
			targets = (
				DC15A9572191487C002F919E /* SwiftDragAndDrop */,
				DC15A96B2191487E002F919E /* SwiftDragAndDropTests */,
			);
		};
/* End PBXProject section */

/* Begin PBXResourcesBuildPhase section */
		DC15A9562191487C002F919E /* Resources */ = {
			isa = PBXResourcesBuildPhase;
			buildActionMask = 2147483647;
			files = (
				DC15A9662191487E002F919E /* LaunchScreen.storyboard in Resources */,
				DC15A9632191487E002F919E /* Assets.xcassets in Resources */,
				DC15A9612191487C002F919E /* Main.storyboard in Resources */,
				DCC9B995219ACB91005D4352 /* DragTableViewCell.xib in Resources */,
			);
			runOnlyForDeploymentPostprocessing = 0;
		};
		DC15A96A2191487E002F919E /* Resources */ = {
			isa = PBXResourcesBuildPhase;
			buildActionMask = 2147483647;
			files = (
			);
			runOnlyForDeploymentPostprocessing = 0;
		};
/* End PBXResourcesBuildPhase section */

/* Begin PBXSourcesBuildPhase section */
		DC15A9542191487C002F919E /* Sources */ = {
			isa = PBXSourcesBuildPhase;
			buildActionMask = 2147483647;
			files = (
				DCC9B991219A87D1005D4352 /* ScrollViewController.swift in Sources */,
				DCC9B99D219D2771005D4352 /* RootViewController.swift in Sources */,
				DC15A9972192C23E002F919E /* DragAndDropTableView+AutoScroll.swift in Sources */,
				DC15A98D21917BC6002F919E /* DragAndDropManager+GestureRecognizer.swift in Sources */,
				DCC9B99A219C08BC005D4352 /* AutoScroll+Constant.swift in Sources */,
				DC15A9812191492C002F919E /* DragAndDropManager.swift in Sources */,
				DC15A9802191492C002F919E /* DragAndDropTableView.swift in Sources */,
				DC15A9952192C1FC002F919E /* DragAndDropTableView+Droppable.swift in Sources */,
				DC15A98921917063002F919E /* DragAndDropManager+AutoScroll.swift in Sources */,
				DCC9B998219AD8C3005D4352 /* Reusable+Extensions.swift in Sources */,
				DC15A95E2191487C002F919E /* CollectionViewController.swift in Sources */,
				DC15A985219156C8002F919E /* DragAndDropManager+SnapshotView.swift in Sources */,
				DC15A9932192C1CA002F919E /* DragAndDropTableView+Draggable.swift in Sources */,
				DC15A98F2191997C002F919E /* DragAndDropManager+Destination.swift in Sources */,
				DCC9B994219ACB91005D4352 /* DragTableViewCell.swift in Sources */,
				DC15A97F2191492C002F919E /* CGRect+Extensions.swift in Sources */,
				DC15A95C2191487C002F919E /* AppDelegate.swift in Sources */,
			);
			runOnlyForDeploymentPostprocessing = 0;
		};
		DC15A9682191487E002F919E /* Sources */ = {
			isa = PBXSourcesBuildPhase;
			buildActionMask = 2147483647;
			files = (
				DC15A9712191487E002F919E /* SwiftDragAndDropTests.swift in Sources */,
			);
			runOnlyForDeploymentPostprocessing = 0;
		};
/* End PBXSourcesBuildPhase section */

/* Begin PBXTargetDependency section */
		DC15A96E2191487E002F919E /* PBXTargetDependency */ = {
			isa = PBXTargetDependency;
			target = DC15A9572191487C002F919E /* SwiftDragAndDrop */;
			targetProxy = DC15A96D2191487E002F919E /* PBXContainerItemProxy */;
		};
/* End PBXTargetDependency section */

/* Begin PBXVariantGroup section */
		DC15A95F2191487C002F919E /* Main.storyboard */ = {
			isa = PBXVariantGroup;
			children = (
				DC15A9602191487C002F919E /* Base */,
			);
			name = Main.storyboard;
			sourceTree = "<group>";
		};
		DC15A9642191487E002F919E /* LaunchScreen.storyboard */ = {
			isa = PBXVariantGroup;
			children = (
				DC15A9652191487E002F919E /* Base */,
			);
			name = LaunchScreen.storyboard;
			sourceTree = "<group>";
		};
/* End PBXVariantGroup section */

/* Begin XCBuildConfiguration section */
		DC15A9732191487E002F919E /* Debug */ = {
			isa = XCBuildConfiguration;
			buildSettings = {
				ALWAYS_SEARCH_USER_PATHS = NO;
				CLANG_ANALYZER_NONNULL = YES;
				CLANG_ANALYZER_NUMBER_OBJECT_CONVERSION = YES_AGGRESSIVE;
				CLANG_CXX_LANGUAGE_STANDARD = "gnu++14";
				CLANG_CXX_LIBRARY = "libc++";
				CLANG_ENABLE_MODULES = YES;
				CLANG_ENABLE_OBJC_ARC = YES;
				CLANG_ENABLE_OBJC_WEAK = YES;
				CLANG_WARN_BLOCK_CAPTURE_AUTORELEASING = YES;
				CLANG_WARN_BOOL_CONVERSION = YES;
				CLANG_WARN_COMMA = YES;
				CLANG_WARN_CONSTANT_CONVERSION = YES;
				CLANG_WARN_DEPRECATED_OBJC_IMPLEMENTATIONS = YES;
				CLANG_WARN_DIRECT_OBJC_ISA_USAGE = YES_ERROR;
				CLANG_WARN_DOCUMENTATION_COMMENTS = YES;
				CLANG_WARN_EMPTY_BODY = YES;
				CLANG_WARN_ENUM_CONVERSION = YES;
				CLANG_WARN_INFINITE_RECURSION = YES;
				CLANG_WARN_INT_CONVERSION = YES;
				CLANG_WARN_NON_LITERAL_NULL_CONVERSION = YES;
				CLANG_WARN_OBJC_IMPLICIT_RETAIN_SELF = YES;
				CLANG_WARN_OBJC_LITERAL_CONVERSION = YES;
				CLANG_WARN_OBJC_ROOT_CLASS = YES_ERROR;
				CLANG_WARN_RANGE_LOOP_ANALYSIS = YES;
				CLANG_WARN_STRICT_PROTOTYPES = YES;
				CLANG_WARN_SUSPICIOUS_MOVE = YES;
				CLANG_WARN_UNGUARDED_AVAILABILITY = YES_AGGRESSIVE;
				CLANG_WARN_UNREACHABLE_CODE = YES;
				CLANG_WARN__DUPLICATE_METHOD_MATCH = YES;
				CODE_SIGN_IDENTITY = "iPhone Developer";
				COPY_PHASE_STRIP = NO;
				DEBUG_INFORMATION_FORMAT = dwarf;
				ENABLE_STRICT_OBJC_MSGSEND = YES;
				ENABLE_TESTABILITY = YES;
				GCC_C_LANGUAGE_STANDARD = gnu11;
				GCC_DYNAMIC_NO_PIC = NO;
				GCC_NO_COMMON_BLOCKS = YES;
				GCC_OPTIMIZATION_LEVEL = 0;
				GCC_PREPROCESSOR_DEFINITIONS = (
					"DEBUG=1",
					"$(inherited)",
				);
				GCC_WARN_64_TO_32_BIT_CONVERSION = YES;
				GCC_WARN_ABOUT_RETURN_TYPE = YES_ERROR;
				GCC_WARN_UNDECLARED_SELECTOR = YES;
				GCC_WARN_UNINITIALIZED_AUTOS = YES_AGGRESSIVE;
				GCC_WARN_UNUSED_FUNCTION = YES;
				GCC_WARN_UNUSED_VARIABLE = YES;
				IPHONEOS_DEPLOYMENT_TARGET = 9.3;
				MTL_ENABLE_DEBUG_INFO = INCLUDE_SOURCE;
				MTL_FAST_MATH = YES;
				ONLY_ACTIVE_ARCH = YES;
				SDKROOT = iphoneos;
				SWIFT_ACTIVE_COMPILATION_CONDITIONS = DEBUG;
				SWIFT_OPTIMIZATION_LEVEL = "-Onone";
			};
			name = Debug;
		};
		DC15A9742191487E002F919E /* Release */ = {
			isa = XCBuildConfiguration;
			buildSettings = {
				ALWAYS_SEARCH_USER_PATHS = NO;
				CLANG_ANALYZER_NONNULL = YES;
				CLANG_ANALYZER_NUMBER_OBJECT_CONVERSION = YES_AGGRESSIVE;
				CLANG_CXX_LANGUAGE_STANDARD = "gnu++14";
				CLANG_CXX_LIBRARY = "libc++";
				CLANG_ENABLE_MODULES = YES;
				CLANG_ENABLE_OBJC_ARC = YES;
				CLANG_ENABLE_OBJC_WEAK = YES;
				CLANG_WARN_BLOCK_CAPTURE_AUTORELEASING = YES;
				CLANG_WARN_BOOL_CONVERSION = YES;
				CLANG_WARN_COMMA = YES;
				CLANG_WARN_CONSTANT_CONVERSION = YES;
				CLANG_WARN_DEPRECATED_OBJC_IMPLEMENTATIONS = YES;
				CLANG_WARN_DIRECT_OBJC_ISA_USAGE = YES_ERROR;
				CLANG_WARN_DOCUMENTATION_COMMENTS = YES;
				CLANG_WARN_EMPTY_BODY = YES;
				CLANG_WARN_ENUM_CONVERSION = YES;
				CLANG_WARN_INFINITE_RECURSION = YES;
				CLANG_WARN_INT_CONVERSION = YES;
				CLANG_WARN_NON_LITERAL_NULL_CONVERSION = YES;
				CLANG_WARN_OBJC_IMPLICIT_RETAIN_SELF = YES;
				CLANG_WARN_OBJC_LITERAL_CONVERSION = YES;
				CLANG_WARN_OBJC_ROOT_CLASS = YES_ERROR;
				CLANG_WARN_RANGE_LOOP_ANALYSIS = YES;
				CLANG_WARN_STRICT_PROTOTYPES = YES;
				CLANG_WARN_SUSPICIOUS_MOVE = YES;
				CLANG_WARN_UNGUARDED_AVAILABILITY = YES_AGGRESSIVE;
				CLANG_WARN_UNREACHABLE_CODE = YES;
				CLANG_WARN__DUPLICATE_METHOD_MATCH = YES;
				CODE_SIGN_IDENTITY = "iPhone Developer";
				COPY_PHASE_STRIP = NO;
				DEBUG_INFORMATION_FORMAT = "dwarf-with-dsym";
				ENABLE_NS_ASSERTIONS = NO;
				ENABLE_STRICT_OBJC_MSGSEND = YES;
				GCC_C_LANGUAGE_STANDARD = gnu11;
				GCC_NO_COMMON_BLOCKS = YES;
				GCC_WARN_64_TO_32_BIT_CONVERSION = YES;
				GCC_WARN_ABOUT_RETURN_TYPE = YES_ERROR;
				GCC_WARN_UNDECLARED_SELECTOR = YES;
				GCC_WARN_UNINITIALIZED_AUTOS = YES_AGGRESSIVE;
				GCC_WARN_UNUSED_FUNCTION = YES;
				GCC_WARN_UNUSED_VARIABLE = YES;
				IPHONEOS_DEPLOYMENT_TARGET = 9.3;
				MTL_ENABLE_DEBUG_INFO = NO;
				MTL_FAST_MATH = YES;
				SDKROOT = iphoneos;
				SWIFT_COMPILATION_MODE = wholemodule;
				SWIFT_OPTIMIZATION_LEVEL = "-O";
				VALIDATE_PRODUCT = YES;
			};
			name = Release;
		};
		DC15A9762191487E002F919E /* Debug */ = {
			isa = XCBuildConfiguration;
			buildSettings = {
				ASSETCATALOG_COMPILER_APPICON_NAME = AppIcon;
				CODE_SIGN_STYLE = Automatic;
				DEVELOPMENT_TEAM = NZS8K3Y2E3;
				INFOPLIST_FILE = "$(SRCROOT)/SwiftDragAndDrop/Info.plist";
				IPHONEOS_DEPLOYMENT_TARGET = 9.3;
				LD_RUNPATH_SEARCH_PATHS = (
					"$(inherited)",
					"@executable_path/Frameworks",
				);
				PRODUCT_BUNDLE_IDENTIFIER = io.uyphanha.SwiftDragAndDrop;
				PRODUCT_NAME = "$(TARGET_NAME)";
				SWIFT_VERSION = 4.2;
				TARGETED_DEVICE_FAMILY = 1;
			};
			name = Debug;
		};
		DC15A9772191487E002F919E /* Release */ = {
			isa = XCBuildConfiguration;
			buildSettings = {
				ASSETCATALOG_COMPILER_APPICON_NAME = AppIcon;
				CODE_SIGN_STYLE = Automatic;
				DEVELOPMENT_TEAM = NZS8K3Y2E3;
				INFOPLIST_FILE = "$(SRCROOT)/SwiftDragAndDrop/Info.plist";
				IPHONEOS_DEPLOYMENT_TARGET = 9.3;
				LD_RUNPATH_SEARCH_PATHS = (
					"$(inherited)",
					"@executable_path/Frameworks",
				);
				PRODUCT_BUNDLE_IDENTIFIER = io.uyphanha.SwiftDragAndDrop;
				PRODUCT_NAME = "$(TARGET_NAME)";
				SWIFT_VERSION = 4.2;
				TARGETED_DEVICE_FAMILY = 1;
			};
			name = Release;
		};
		DC15A9792191487E002F919E /* Debug */ = {
			isa = XCBuildConfiguration;
			buildSettings = {
				ALWAYS_EMBED_SWIFT_STANDARD_LIBRARIES = YES;
				BUNDLE_LOADER = "$(TEST_HOST)";
				CODE_SIGN_STYLE = Automatic;
				INFOPLIST_FILE = SwiftDragAndDropTests/Info.plist;
				LD_RUNPATH_SEARCH_PATHS = (
					"$(inherited)",
					"@executable_path/Frameworks",
					"@loader_path/Frameworks",
				);
				PRODUCT_BUNDLE_IDENTIFIER = io.uyphanha.SwiftDragAndDropTests;
				PRODUCT_NAME = "$(TARGET_NAME)";
				SWIFT_VERSION = 4.2;
				TARGETED_DEVICE_FAMILY = "1,2";
				TEST_HOST = "$(BUILT_PRODUCTS_DIR)/SwiftDragAndDrop.app/SwiftDragAndDrop";
			};
			name = Debug;
		};
		DC15A97A2191487E002F919E /* Release */ = {
			isa = XCBuildConfiguration;
			buildSettings = {
				ALWAYS_EMBED_SWIFT_STANDARD_LIBRARIES = YES;
				BUNDLE_LOADER = "$(TEST_HOST)";
				CODE_SIGN_STYLE = Automatic;
				INFOPLIST_FILE = SwiftDragAndDropTests/Info.plist;
				LD_RUNPATH_SEARCH_PATHS = (
					"$(inherited)",
					"@executable_path/Frameworks",
					"@loader_path/Frameworks",
				);
				PRODUCT_BUNDLE_IDENTIFIER = io.uyphanha.SwiftDragAndDropTests;
				PRODUCT_NAME = "$(TARGET_NAME)";
				SWIFT_VERSION = 4.2;
				TARGETED_DEVICE_FAMILY = "1,2";
				TEST_HOST = "$(BUILT_PRODUCTS_DIR)/SwiftDragAndDrop.app/SwiftDragAndDrop";
			};
			name = Release;
		};
/* End XCBuildConfiguration section */

/* Begin XCConfigurationList section */
		DC15A9532191487C002F919E /* Build configuration list for PBXProject "SwiftDragAndDrop" */ = {
			isa = XCConfigurationList;
			buildConfigurations = (
				DC15A9732191487E002F919E /* Debug */,
				DC15A9742191487E002F919E /* Release */,
			);
			defaultConfigurationIsVisible = 0;
			defaultConfigurationName = Release;
		};
		DC15A9752191487E002F919E /* Build configuration list for PBXNativeTarget "SwiftDragAndDrop" */ = {
			isa = XCConfigurationList;
			buildConfigurations = (
				DC15A9762191487E002F919E /* Debug */,
				DC15A9772191487E002F919E /* Release */,
			);
			defaultConfigurationIsVisible = 0;
			defaultConfigurationName = Release;
		};
		DC15A9782191487E002F919E /* Build configuration list for PBXNativeTarget "SwiftDragAndDropTests" */ = {
			isa = XCConfigurationList;
			buildConfigurations = (
				DC15A9792191487E002F919E /* Debug */,
				DC15A97A2191487E002F919E /* Release */,
			);
			defaultConfigurationIsVisible = 0;
			defaultConfigurationName = Release;
		};
/* End XCConfigurationList section */
	};
	rootObject = DC15A9502191487C002F919E /* Project object */;
}
